
Microsoft Visual Studio Solution File, Format Version 12.00
# Visual Studio 15
VisualStudioVersion = 15.0.28307.539
MinimumVisualStudioVersion = 10.0.40219.1
Project("{9A19103F-16F7-4668-BE54-9A1E7A4F7556}") = "IIOT_OPC.DataAccess", "IIOT_OPC.DataAccess\IIOT_OPC.DataAccess.csproj", "{40DB2AAE-0286-4044-81F1-792EC4FC9149}"
EndProject
Project("{9A19103F-16F7-4668-BE54-9A1E7A4F7556}") = "IIOT_OPC.DataAccess.Test", "IIOT_OPC.DataAccess.Test\IIOT_OPC.DataAccess.Test.csproj", "{09666922-9593-453D-B563-65BDA0F44F5D}"
EndProject
Project("{9A19103F-16F7-4668-BE54-9A1E7A4F7556}") = "IIOT_OPC.Shared", "IIOT_OPC.Shared\IIOT_OPC.Shared.csproj", "{1EADD87E-77A0-4A32-9C28-E72858519B24}"
EndProject
Global
	GlobalSection(SolutionConfigurationPlatforms) = preSolution
		Debug|Any CPU = Debug|Any CPU
		Release|Any CPU = Release|Any CPU
	EndGlobalSection
	GlobalSection(ProjectConfigurationPlatforms) = postSolution
		{40DB2AAE-0286-4044-81F1-792EC4FC9149}.Debug|Any CPU.ActiveCfg = Debug|Any CPU
		{40DB2AAE-0286-4044-81F1-792EC4FC9149}.Debug|Any CPU.Build.0 = Debug|Any CPU
		{40DB2AAE-0286-4044-81F1-792EC4FC9149}.Release|Any CPU.ActiveCfg = Release|Any CPU
		{40DB2AAE-0286-4044-81F1-792EC4FC9149}.Release|Any CPU.Build.0 = Release|Any CPU
		{09666922-9593-453D-B563-65BDA0F44F5D}.Debug|Any CPU.ActiveCfg = Debug|Any CPU
		{09666922-9593-453D-B563-65BDA0F44F5D}.Debug|Any CPU.Build.0 = Debug|Any CPU
		{09666922-9593-453D-B563-65BDA0F44F5D}.Release|Any CPU.ActiveCfg = Release|Any CPU
		{09666922-9593-453D-B563-65BDA0F44F5D}.Release|Any CPU.Build.0 = Release|Any CPU
		{1EADD87E-77A0-4A32-9C28-E72858519B24}.Debug|Any CPU.ActiveCfg = Debug|Any CPU
		{1EADD87E-77A0-4A32-9C28-E72858519B24}.Debug|Any CPU.Build.0 = Debug|Any CPU
		{1EADD87E-77A0-4A32-9C28-E72858519B24}.Release|Any CPU.ActiveCfg = Release|Any CPU
		{1EADD87E-77A0-4A32-9C28-E72858519B24}.Release|Any CPU.Build.0 = Release|Any CPU
	EndGlobalSection
	GlobalSection(SolutionProperties) = preSolution
		HideSolutionNode = FALSE
	EndGlobalSection
	GlobalSection(ExtensibilityGlobals) = postSolution
		SolutionGuid = {5F9C2429-4CD7-46F0-B1DE-C9181CD1C40E}
	EndGlobalSection
EndGlobal
