
Microsoft Visual Studio Solution File, Format Version 12.00
# Visual Studio 15
VisualStudioVersion = 15.0.28307.572
MinimumVisualStudioVersion = 10.0.40219.1
Project("{FAE04EC0-301F-11D3-BF4B-00C04F79EFBC}") = "IOT_OPC.DataHandler", "IOT_OPC.DataHandler\IOT_OPC.DataHandler.csproj", "{F1711372-BAD7-4F39-A261-27A28DFDC684}"
EndProject
Project("{9A19103F-16F7-4668-BE54-9A1E7A4F7556}") = "IIOT_OPC.Shared", "..\IIOT_OPC.Shared\IIOT_OPC.Shared.csproj", "{AA0D8064-80E7-425E-9799-E742C8A67DD2}"
EndProject
Project("{9A19103F-16F7-4668-BE54-9A1E7A4F7556}") = "IIOT_OPC.DataAccess", "..\IIOT_OPC.DataAccess\IIOT_OPC.DataAccess.csproj", "{A36A8320-6E80-491B-9C93-C9E40B82E052}"
EndProject
Global
	GlobalSection(SolutionConfigurationPlatforms) = preSolution
		Debug|Any CPU = Debug|Any CPU
		Release|Any CPU = Release|Any CPU
	EndGlobalSection
	GlobalSection(ProjectConfigurationPlatforms) = postSolution
		{F1711372-BAD7-4F39-A261-27A28DFDC684}.Debug|Any CPU.ActiveCfg = Debug|Any CPU
		{F1711372-BAD7-4F39-A261-27A28DFDC684}.Debug|Any CPU.Build.0 = Debug|Any CPU
		{F1711372-BAD7-4F39-A261-27A28DFDC684}.Release|Any CPU.ActiveCfg = Release|Any CPU
		{F1711372-BAD7-4F39-A261-27A28DFDC684}.Release|Any CPU.Build.0 = Release|Any CPU
		{AA0D8064-80E7-425E-9799-E742C8A67DD2}.Debug|Any CPU.ActiveCfg = Debug|Any CPU
		{AA0D8064-80E7-425E-9799-E742C8A67DD2}.Debug|Any CPU.Build.0 = Debug|Any CPU
		{AA0D8064-80E7-425E-9799-E742C8A67DD2}.Release|Any CPU.ActiveCfg = Release|Any CPU
		{AA0D8064-80E7-425E-9799-E742C8A67DD2}.Release|Any CPU.Build.0 = Release|Any CPU
		{A36A8320-6E80-491B-9C93-C9E40B82E052}.Debug|Any CPU.ActiveCfg = Debug|Any CPU
		{A36A8320-6E80-491B-9C93-C9E40B82E052}.Debug|Any CPU.Build.0 = Debug|Any CPU
		{A36A8320-6E80-491B-9C93-C9E40B82E052}.Release|Any CPU.ActiveCfg = Release|Any CPU
		{A36A8320-6E80-491B-9C93-C9E40B82E052}.Release|Any CPU.Build.0 = Release|Any CPU
	EndGlobalSection
	GlobalSection(SolutionProperties) = preSolution
		HideSolutionNode = FALSE
	EndGlobalSection
	GlobalSection(ExtensibilityGlobals) = postSolution
		SolutionGuid = {826E4B02-B879-4B13-B207-B115D05B0D3F}
	EndGlobalSection
EndGlobal
